<?xml version="1.0" encoding="utf-8"?>
<Project ToolsVersion="4.0" xmlns="http://schemas.microsoft.com/developer/msbuild/2003">
  <ItemGroup>
    <Filter Include="Source Files">
      <UniqueIdentifier>{4FC737F1-C7A5-4376-A066-2A32D752A2FF}</UniqueIdentifier>
      <Extensions>cpp;c;cc;cxx;def;odl;idl;hpj;bat;asm;asmx</Extensions>
    </Filter>
    <Filter Include="Header Files">
      <UniqueIdentifier>{93995380-89BD-4b04-88EB-625FBE52EBFB}</UniqueIdentifier>
      <Extensions>h;hh;hpp;hxx;hm;inl;inc;xsd</Extensions>
    </Filter>
    <Filter Include="Resource Files">
      <UniqueIdentifier>{67DA6AB6-F800-4c08-8B7A-83BB121AAD01}</UniqueIdentifier>
      <Extensions>rc;ico;cur;bmp;dlg;rc2;rct;bin;rgs;gif;jpg;jpeg;jpe;resx;tiff;tif;png;wav;mfcribbon-ms</Extensions>
    </Filter>
    <Filter Include="Header Files\minilzo">
      <UniqueIdentifier>{d337efb5-b05d-434d-b91b-c890771e8701}</UniqueIdentifier>
    </Filter>
    <Filter Include="Source Files\minilzo">
      <UniqueIdentifier>{93ab4700-b582-4efc-937e-480d3ab7aed4}</UniqueIdentifier>
    </Filter>
    <Filter Include="Source Files\mxml">
      <UniqueIdentifier>{73450b76-36a6-4ab1-8444-c2bc3bae503f}</UniqueIdentifier>
    </Filter>
    <Filter Include="Data Files">
      <UniqueIdentifier>{6a86d08e-fad9-4c9d-bcc2-922c777f96c7}</UniqueIdentifier>
    </Filter>
  </ItemGroup>
  <ItemGroup>
    <ClInclude Include="..\..\tools\include\bakery.h">
      <Filter>Header Files</Filter>
    </ClInclude>
    <ClInclude Include="..\..\tools\include\bphys_baker.h">
      <Filter>Header Files</Filter>
    </ClInclude>
    <ClInclude Include="..\..\tools\include\shader_baker.h">
      <Filter>Header Files</Filter>
    </ClInclude>
    <ClInclude Include="..\..\tools\include\static_mesh_baker.h">
      <Filter>Header Files</Filter>
    </ClInclude>
    <ClInclude Include="..\..\tools\include\tool.h">
      <Filter>Header Files</Filter>
    </ClInclude>
    <ClInclude Include="..\..\tools\include\minilzo\minilzo.h">
      <Filter>Header Files\minilzo</Filter>
    </ClInclude>
    <ClInclude Include="..\..\tools\include\minilzo\lzoconf.h">
      <Filter>Header Files\minilzo</Filter>
    </ClInclude>
    <ClInclude Include="..\..\tools\include\minilzo\lzodefs.h">
      <Filter>Header Files\minilzo</Filter>
    </ClInclude>
    <ClInclude Include="..\..\tools\include\package_baker.h">
      <Filter>Header Files</Filter>
    </ClInclude>
  </ItemGroup>
  <ItemGroup>
    <ClCompile Include="..\..\tools\src\bakery.cpp">
      <Filter>Source Files</Filter>
    </ClCompile>
    <ClCompile Include="..\..\tools\src\bphys_baker.cpp">
      <Filter>Source Files</Filter>
    </ClCompile>
    <ClCompile Include="..\..\tools\src\shader_baker.cpp">
      <Filter>Source Files</Filter>
    </ClCompile>
    <ClCompile Include="..\..\tools\src\static_mesh_baker.cpp">
      <Filter>Source Files</Filter>
    </ClCompile>
    <ClCompile Include="..\..\tools\src\tool.cpp">
      <Filter>Source Files</Filter>
    </ClCompile>
    <ClCompile Include="..\..\tools\src\minilzo\minilzo.cpp">
      <Filter>Source Files\minilzo</Filter>
    </ClCompile>
    <ClCompile Include="..\..\tools\src\mxml-2.9\mxml-attr.c">
      <Filter>Source Files\mxml</Filter>
    </ClCompile>
    <ClCompile Include="..\..\tools\src\mxml-2.9\mxml-entity.c">
      <Filter>Source Files\mxml</Filter>
    </ClCompile>
    <ClCompile Include="..\..\tools\src\mxml-2.9\mxml-file.c">
      <Filter>Source Files\mxml</Filter>
    </ClCompile>
    <ClCompile Include="..\..\tools\src\mxml-2.9\mxml-get.c">
      <Filter>Source Files\mxml</Filter>
    </ClCompile>
    <ClCompile Include="..\..\tools\src\mxml-2.9\mxml-index.c">
      <Filter>Source Files\mxml</Filter>
    </ClCompile>
    <ClCompile Include="..\..\tools\src\mxml-2.9\mxml-node.c">
      <Filter>Source Files\mxml</Filter>
    </ClCompile>
    <ClCompile Include="..\..\tools\src\mxml-2.9\mxml-private.c">
      <Filter>Source Files\mxml</Filter>
    </ClCompile>
    <ClCompile Include="..\..\tools\src\mxml-2.9\mxml-search.c">
      <Filter>Source Files\mxml</Filter>
    </ClCompile>
    <ClCompile Include="..\..\tools\src\mxml-2.9\mxml-set.c">
      <Filter>Source Files\mxml</Filter>
    </ClCompile>
    <ClCompile Include="..\..\tools\src\mxml-2.9\mxml-string.c">
      <Filter>Source Files\mxml</Filter>
    </ClCompile>
    <ClCompile Include="..\..\tools\bake.cpp">
      <Filter>Source Files</Filter>
    </ClCompile>
    <ClCompile Include="..\..\tools\src\package_baker.cpp">
      <Filter>Source Files</Filter>
    </ClCompile>
  </ItemGroup>
  <ItemGroup>
    <Xml Include="..\..\..\mundus\data\packages\pkg_test.pkg.xml">
      <Filter>Data Files</Filter>
    </Xml>
    <Xml Include="..\..\..\mundus\data\ui\mundus.layout.xml">
      <Filter>Data Files</Filter>
    </Xml>
  </ItemGroup>
</Project>